
Microsoft Visual Studio Solution File, Format Version 12.00
# Visual Studio 15
VisualStudioVersion = 15.0.27428.2015
MinimumVisualStudioVersion = 10.0.40219.1
Project("{FAE04EC0-301F-11D3-BF4B-00C04F79EFBC}") = "BuildTool", "BuildTool\BuildTool.csproj", "{C9E909D8-A41D-48FE-9A9D-023AF6E2A67E}"
EndProject
Global
	GlobalSection(SolutionConfigurationPlatforms) = preSolution
		Debug|Any CPU = Debug|Any CPU
		Release|Any CPU = Release|Any CPU
	EndGlobalSection
	GlobalSection(ProjectConfigurationPlatforms) = postSolution
		{C9E909D8-A41D-48FE-9A9D-023AF6E2A67E}.Debug|Any CPU.ActiveCfg = Debug|Any CPU
		{C9E909D8-A41D-48FE-9A9D-023AF6E2A67E}.Debug|Any CPU.Build.0 = Debug|Any CPU
		{C9E909D8-A41D-48FE-9A9D-023AF6E2A67E}.Release|Any CPU.ActiveCfg = Release|Any CPU
		{C9E909D8-A41D-48FE-9A9D-023AF6E2A67E}.Release|Any CPU.Build.0 = Release|Any CPU
	EndGlobalSection
	GlobalSection(SolutionProperties) = preSolution
		HideSolutionNode = FALSE
	EndGlobalSection
	GlobalSection(ExtensibilityGlobals) = postSolution
		SolutionGuid = {77D231A5-7A48-45F0-9BAD-4E646FF221B8}
	EndGlobalSection
EndGlobal
